{
  "requires": true,
  "lockfileVersion": 1,
  "dependencies": {
    "@cgross/angular-busy": {
      "version": "4.1.4",
      "resolved": "https://registry.npmjs.org/@cgross/angular-busy/-/angular-busy-4.1.4.tgz",
      "integrity": "sha1-x7rUvnCftVqMI4S2nGn5u99EvW4="
    },
    "@types/angular": {
      "version": "1.6.51",
      "resolved": "https://registry.npmjs.org/@types/angular/-/angular-1.6.51.tgz",
      "integrity": "sha1-pnUVsLpqL/aIlKOUBcE0PL+cNtQ="
    },
    "@types/angular-toastr": {
      "version": "1.6.33",
      "resolved": "https://registry.npmjs.org/@types/angular-toastr/-/angular-toastr-1.6.33.tgz",
      "integrity": "sha1-Cp9Kz0S+AbdufLAUDJIC664uRYU=",
      "requires": {
        "@types/angular": "*"
      }
    },
    "angular": {
      "version": "1.6.9",
      "resolved": "https://registry.npmjs.org/angular/-/angular-1.6.9.tgz",
      "integrity": "sha1-vIEpMuGJCQOEEtWUpZkPS7ZsBhk="
    },
    "angular-animate": {
      "version": "1.6.9",
      "resolved": "https://registry.npmjs.org/angular-animate/-/angular-animate-1.6.9.tgz",
      "integrity": "sha1-oPkmwboxkL2JKe+Wan+nl2BoJiI="
    },
    "angular-toastr": {
      "version": "2.1.1",
      "resolved": "https://registry.npmjs.org/angular-toastr/-/angular-toastr-2.1.1.tgz",
      "integrity": "sha1-n4NQykghRaRNARp1W4+zYj1gVEw="
    }
  }
}
